
Microsoft Visual Studio Solution File, Format Version 12.00
# Visual Studio Version 17
VisualStudioVersion = 17.11.35327.3
MinimumVisualStudioVersion = 10.0.40219.1
Project("{FAE04EC0-301F-11D3-BF4B-00C04F79EFBC}") = "Expense Tracker App", "Expense Tracker App\Expense Tracker App.csproj", "{700021E8-C296-4F05-AB4E-3C78041C26E8}"
EndProject
Global
	GlobalSection(SolutionConfigurationPlatforms) = preSolution
		Debug|Any CPU = Debug|Any CPU
		Release|Any CPU = Release|Any CPU
	EndGlobalSection
	GlobalSection(ProjectConfigurationPlatforms) = postSolution
		{700021E8-C296-4F05-AB4E-3C78041C26E8}.Debug|Any CPU.ActiveCfg = Debug|Any CPU
		{700021E8-C296-4F05-AB4E-3C78041C26E8}.Debug|Any CPU.Build.0 = Debug|Any CPU
		{700021E8-C296-4F05-AB4E-3C78041C26E8}.Release|Any CPU.ActiveCfg = Release|Any CPU
		{700021E8-C296-4F05-AB4E-3C78041C26E8}.Release|Any CPU.Build.0 = Release|Any CPU
	EndGlobalSection
	GlobalSection(SolutionProperties) = preSolution
		HideSolutionNode = FALSE
	EndGlobalSection
	GlobalSection(ExtensibilityGlobals) = postSolution
		SolutionGuid = {DCC7A51A-17C3-4EE6-976C-15239047BDCF}
	EndGlobalSection
EndGlobal
